
Microsoft Visual Studio Solution File, Format Version 12.00
# Visual Studio Version 17
VisualStudioVersion = 17.9.34607.119
MinimumVisualStudioVersion = 10.0.40219.1
Project("{9A19103F-16F7-4668-BE54-9A1E7A4F7556}") = "VirtualKeyboard", "VirtualKeyboard.csproj", "{F2802270-45C4-4DF0-9A34-BD1F95EDCA15}"
EndProject
Project("{FAE04EC0-301F-11D3-BF4B-00C04F79EFBC}") = "TestPCMod", "..\TestPCMod\TestPCMod.csproj", "{837D83D6-1562-4F50-B746-1281FE36844A}"
EndProject
Global
	GlobalSection(SolutionConfigurationPlatforms) = preSolution
		Debug|Any CPU = Debug|Any CPU
		Release|Any CPU = Release|Any CPU
	EndGlobalSection
	GlobalSection(ProjectConfigurationPlatforms) = postSolution
		{F2802270-45C4-4DF0-9A34-BD1F95EDCA15}.Debug|Any CPU.ActiveCfg = Debug|Any CPU
		{F2802270-45C4-4DF0-9A34-BD1F95EDCA15}.Debug|Any CPU.Build.0 = Debug|Any CPU
		{F2802270-45C4-4DF0-9A34-BD1F95EDCA15}.Release|Any CPU.ActiveCfg = Release|Any CPU
		{F2802270-45C4-4DF0-9A34-BD1F95EDCA15}.Release|Any CPU.Build.0 = Release|Any CPU
		{837D83D6-1562-4F50-B746-1281FE36844A}.Debug|Any CPU.ActiveCfg = Debug|Any CPU
		{837D83D6-1562-4F50-B746-1281FE36844A}.Debug|Any CPU.Build.0 = Debug|Any CPU
		{837D83D6-1562-4F50-B746-1281FE36844A}.Release|Any CPU.ActiveCfg = Release|Any CPU
		{837D83D6-1562-4F50-B746-1281FE36844A}.Release|Any CPU.Build.0 = Release|Any CPU
	EndGlobalSection
	GlobalSection(SolutionProperties) = preSolution
		HideSolutionNode = FALSE
	EndGlobalSection
	GlobalSection(ExtensibilityGlobals) = postSolution
		SolutionGuid = {847BF0B8-5C9B-4A68-8730-C7CD2A2CBFC4}
	EndGlobalSection
EndGlobal
