
Microsoft Visual Studio Solution File, Format Version 12.00
# Visual Studio Version 18
VisualStudioVersion = 18.0.11111.16
MinimumVisualStudioVersion = 10.0.40219.1
Project("{2150E333-8FDC-42A3-9474-1A3956D46DE8}") = ".root", ".root", "{86C452BE-D2D8-45B4-B63F-E329EB06CEDA}"
	ProjectSection(SolutionItems) = preProject
		..\.editorconfig = ..\.editorconfig
		..\.gitattributes = ..\.gitattributes
		..\.gitignore = ..\.gitignore
		Directory.Packages.props = Directory.Packages.props
		..\LICENSE.txt = ..\LICENSE.txt
	EndProjectSection
EndProject
Project("{2150E333-8FDC-42A3-9474-1A3956D46DE8}") = ".github", ".github", "{4B1CEB70-F756-4A57-AAE8-8CD78C475F25}"
	ProjectSection(SolutionItems) = preProject
		..\.github\CONTRIBUTING.md = ..\.github\CONTRIBUTING.md
		..\.github\SUPPORT.md = ..\.github\SUPPORT.md
	EndProjectSection
EndProject
Project("{2150E333-8FDC-42A3-9474-1A3956D46DE8}") = "ISSUE_TEMPLATE", "ISSUE_TEMPLATE", "{F4453AB6-D7D6-447F-A973-956CC777968F}"
	ProjectSection(SolutionItems) = preProject
		..\.github\ISSUE_TEMPLATE\config.yml = ..\.github\ISSUE_TEMPLATE\config.yml
		..\.github\ISSUE_TEMPLATE\custom.md = ..\.github\ISSUE_TEMPLATE\custom.md
	EndProjectSection
EndProject
Project("{2150E333-8FDC-42A3-9474-1A3956D46DE8}") = "build", "build", "{09CF91E5-5BAB-4650-A200-E5EA9A633046}"
	ProjectSection(SolutionItems) = preProject
		..\build\common.targets = ..\build\common.targets
		..\build\find-game-folder.targets = ..\build\find-game-folder.targets
	EndProjectSection
EndProject
Project("{2150E333-8FDC-42A3-9474-1A3956D46DE8}") = "docs", "docs", "{EB35A917-67B9-4EFA-8DFC-4FB49B3949BB}"
	ProjectSection(SolutionItems) = preProject
		..\docs\mod-build-config.md = ..\docs\mod-build-config.md
		..\docs\README.md = ..\docs\README.md
		..\docs\release-notes-archived.md = ..\docs\release-notes-archived.md
		..\docs\release-notes.md = ..\docs\release-notes.md
	EndProjectSection
EndProject
Project("{2150E333-8FDC-42A3-9474-1A3956D46DE8}") = "technical", "technical", "{5947303D-3512-413A-9009-7AC43F5D3513}"
	ProjectSection(SolutionItems) = preProject
		..\docs\technical\mod-package-release-notes.md = ..\docs\technical\mod-package-release-notes.md
		..\docs\technical\mod-package.md = ..\docs\technical\mod-package.md
		..\docs\technical\smapi.md = ..\docs\technical\smapi.md
		..\docs\technical\web.md = ..\docs\technical\web.md
	EndProjectSection
EndProject
Project("{2150E333-8FDC-42A3-9474-1A3956D46DE8}") = "Internal", "Internal", "{82D22ED7-A0A7-4D64-8E92-4B6A5E74ED11}"
EndProject
Project("{D954291E-2A0B-460D-934E-DC6B0785DB48}") = "SMAPI.Internal", "SMAPI.Internal\SMAPI.Internal.shproj", "{85208F8D-6FD1-4531-BE05-7142490F59FE}"
EndProject
Project("{9A19103F-16F7-4668-BE54-9A1E7A4F7556}") = "SMAPI", "SMAPI\SMAPI.csproj", "{E6DA2198-7686-4F1D-B312-4A4DC70884C0}"
EndProject
Project("{9A19103F-16F7-4668-BE54-9A1E7A4F7556}") = "SMAPI.Toolkit", "SMAPI.Toolkit\SMAPI.Toolkit.csproj", "{08184F74-60AD-4EEE-A78C-F4A35ADE6246}"
EndProject
Project("{9A19103F-16F7-4668-BE54-9A1E7A4F7556}") = "SMAPI.Toolkit.CoreInterfaces", "SMAPI.Toolkit.CoreInterfaces\SMAPI.Toolkit.CoreInterfaces.csproj", "{ED8E41FA-DDFA-4A77-932E-9853D279A129}"
EndProject
Project("{2150E333-8FDC-42A3-9474-1A3956D46DE8}") = "windows", "windows", "{4D661178-38FB-43E4-AA5F-9B0406919344}"
	ProjectSection(SolutionItems) = preProject
		..\build\windows\finalize-install-package.sh = ..\build\windows\finalize-install-package.sh
		..\build\windows\prepare-install-package.ps1 = ..\build\windows\prepare-install-package.ps1
		..\build\windows\set-smapi-version.ps1 = ..\build\windows\set-smapi-version.ps1
	EndProjectSection
EndProject
Project("{2150E333-8FDC-42A3-9474-1A3956D46DE8}") = "unix", "unix", "{CAA1488E-842B-433D-994D-1D3D0B5DD125}"
	ProjectSection(SolutionItems) = preProject
		..\build\unix\prepare-install-package.sh = ..\build\unix\prepare-install-package.sh
		..\build\unix\set-smapi-version.sh = ..\build\unix\set-smapi-version.sh
	EndProjectSection
EndProject
Project("{2150E333-8FDC-42A3-9474-1A3956D46DE8}") = "lib", "lib", "{3B5BF14D-F612-4C83-9EF6-E3EBFCD08766}"
	ProjectSection(SolutionItems) = preProject
		..\build\windows\lib\in-place-regex.ps1 = ..\build\windows\lib\in-place-regex.ps1
	EndProjectSection
EndProject
Project("{FAE04EC0-301F-11D3-BF4B-00C04F79EFBC}") = "PackSMAPIZip", "PackSMAPIZip\PackSMAPIZip.csproj", "{D72D15A6-A0A4-40E5-95CE-CC7BD9FA47E1}"
EndProject
Global
	GlobalSection(SolutionConfigurationPlatforms) = preSolution
		Android Debug|Any CPU = Android Debug|Any CPU
		Android Debug|ARM = Android Debug|ARM
		Android Debug|ARM64 = Android Debug|ARM64
		Android Debug|x64 = Android Debug|x64
		Android Debug|x86 = Android Debug|x86
		Android Release|Any CPU = Android Release|Any CPU
		Android Release|ARM = Android Release|ARM
		Android Release|ARM64 = Android Release|ARM64
		Android Release|x64 = Android Release|x64
		Android Release|x86 = Android Release|x86
		Debug|Any CPU = Debug|Any CPU
		Debug|ARM = Debug|ARM
		Debug|ARM64 = Debug|ARM64
		Debug|x64 = Debug|x64
		Debug|x86 = Debug|x86
		Release|Any CPU = Release|Any CPU
		Release|ARM = Release|ARM
		Release|ARM64 = Release|ARM64
		Release|x64 = Release|x64
		Release|x86 = Release|x86
	EndGlobalSection
	GlobalSection(ProjectConfigurationPlatforms) = postSolution
		{E6DA2198-7686-4F1D-B312-4A4DC70884C0}.Android Debug|Any CPU.ActiveCfg = Android Debug|Any CPU
		{E6DA2198-7686-4F1D-B312-4A4DC70884C0}.Android Debug|Any CPU.Build.0 = Android Debug|Any CPU
		{E6DA2198-7686-4F1D-B312-4A4DC70884C0}.Android Debug|ARM.ActiveCfg = Android Debug|Any CPU
		{E6DA2198-7686-4F1D-B312-4A4DC70884C0}.Android Debug|ARM.Build.0 = Android Debug|Any CPU
		{E6DA2198-7686-4F1D-B312-4A4DC70884C0}.Android Debug|ARM64.ActiveCfg = Android Debug|ARM64
		{E6DA2198-7686-4F1D-B312-4A4DC70884C0}.Android Debug|ARM64.Build.0 = Android Debug|ARM64
		{E6DA2198-7686-4F1D-B312-4A4DC70884C0}.Android Debug|x64.ActiveCfg = Android Debug|Any CPU
		{E6DA2198-7686-4F1D-B312-4A4DC70884C0}.Android Debug|x64.Build.0 = Android Debug|Any CPU
		{E6DA2198-7686-4F1D-B312-4A4DC70884C0}.Android Debug|x86.ActiveCfg = Android Debug|Any CPU
		{E6DA2198-7686-4F1D-B312-4A4DC70884C0}.Android Debug|x86.Build.0 = Android Debug|Any CPU
		{E6DA2198-7686-4F1D-B312-4A4DC70884C0}.Android Release|Any CPU.ActiveCfg = Android Release|Any CPU
		{E6DA2198-7686-4F1D-B312-4A4DC70884C0}.Android Release|Any CPU.Build.0 = Android Release|Any CPU
		{E6DA2198-7686-4F1D-B312-4A4DC70884C0}.Android Release|ARM.ActiveCfg = Android Release|Any CPU
		{E6DA2198-7686-4F1D-B312-4A4DC70884C0}.Android Release|ARM.Build.0 = Android Release|Any CPU
		{E6DA2198-7686-4F1D-B312-4A4DC70884C0}.Android Release|ARM64.ActiveCfg = Android Release|ARM64
		{E6DA2198-7686-4F1D-B312-4A4DC70884C0}.Android Release|ARM64.Build.0 = Android Release|ARM64
		{E6DA2198-7686-4F1D-B312-4A4DC70884C0}.Android Release|x64.ActiveCfg = Android Release|Any CPU
		{E6DA2198-7686-4F1D-B312-4A4DC70884C0}.Android Release|x64.Build.0 = Android Release|Any CPU
		{E6DA2198-7686-4F1D-B312-4A4DC70884C0}.Android Release|x86.ActiveCfg = Android Release|Any CPU
		{E6DA2198-7686-4F1D-B312-4A4DC70884C0}.Android Release|x86.Build.0 = Android Release|Any CPU
		{E6DA2198-7686-4F1D-B312-4A4DC70884C0}.Debug|Any CPU.ActiveCfg = Debug|Any CPU
		{E6DA2198-7686-4F1D-B312-4A4DC70884C0}.Debug|Any CPU.Build.0 = Debug|Any CPU
		{E6DA2198-7686-4F1D-B312-4A4DC70884C0}.Debug|ARM.ActiveCfg = Debug|Any CPU
		{E6DA2198-7686-4F1D-B312-4A4DC70884C0}.Debug|ARM.Build.0 = Debug|Any CPU
		{E6DA2198-7686-4F1D-B312-4A4DC70884C0}.Debug|ARM64.ActiveCfg = Debug|ARM64
		{E6DA2198-7686-4F1D-B312-4A4DC70884C0}.Debug|ARM64.Build.0 = Debug|ARM64
		{E6DA2198-7686-4F1D-B312-4A4DC70884C0}.Debug|x64.ActiveCfg = Debug|Any CPU
		{E6DA2198-7686-4F1D-B312-4A4DC70884C0}.Debug|x64.Build.0 = Debug|Any CPU
		{E6DA2198-7686-4F1D-B312-4A4DC70884C0}.Debug|x86.ActiveCfg = Debug|Any CPU
		{E6DA2198-7686-4F1D-B312-4A4DC70884C0}.Debug|x86.Build.0 = Debug|Any CPU
		{E6DA2198-7686-4F1D-B312-4A4DC70884C0}.Release|Any CPU.ActiveCfg = Release|Any CPU
		{E6DA2198-7686-4F1D-B312-4A4DC70884C0}.Release|Any CPU.Build.0 = Release|Any CPU
		{E6DA2198-7686-4F1D-B312-4A4DC70884C0}.Release|ARM.ActiveCfg = Release|Any CPU
		{E6DA2198-7686-4F1D-B312-4A4DC70884C0}.Release|ARM.Build.0 = Release|Any CPU
		{E6DA2198-7686-4F1D-B312-4A4DC70884C0}.Release|ARM64.ActiveCfg = Release|ARM64
		{E6DA2198-7686-4F1D-B312-4A4DC70884C0}.Release|ARM64.Build.0 = Release|ARM64
		{E6DA2198-7686-4F1D-B312-4A4DC70884C0}.Release|x64.ActiveCfg = Release|Any CPU
		{E6DA2198-7686-4F1D-B312-4A4DC70884C0}.Release|x64.Build.0 = Release|Any CPU
		{E6DA2198-7686-4F1D-B312-4A4DC70884C0}.Release|x86.ActiveCfg = Release|Any CPU
		{E6DA2198-7686-4F1D-B312-4A4DC70884C0}.Release|x86.Build.0 = Release|Any CPU
		{08184F74-60AD-4EEE-A78C-F4A35ADE6246}.Android Debug|Any CPU.ActiveCfg = Android Debug|Any CPU
		{08184F74-60AD-4EEE-A78C-F4A35ADE6246}.Android Debug|Any CPU.Build.0 = Android Debug|Any CPU
		{08184F74-60AD-4EEE-A78C-F4A35ADE6246}.Android Debug|ARM.ActiveCfg = Android Debug|Any CPU
		{08184F74-60AD-4EEE-A78C-F4A35ADE6246}.Android Debug|ARM.Build.0 = Android Debug|Any CPU
		{08184F74-60AD-4EEE-A78C-F4A35ADE6246}.Android Debug|ARM64.ActiveCfg = Android Debug|ARM64
		{08184F74-60AD-4EEE-A78C-F4A35ADE6246}.Android Debug|ARM64.Build.0 = Android Debug|ARM64
		{08184F74-60AD-4EEE-A78C-F4A35ADE6246}.Android Debug|x64.ActiveCfg = Android Debug|Any CPU
		{08184F74-60AD-4EEE-A78C-F4A35ADE6246}.Android Debug|x64.Build.0 = Android Debug|Any CPU
		{08184F74-60AD-4EEE-A78C-F4A35ADE6246}.Android Debug|x86.ActiveCfg = Android Debug|Any CPU
		{08184F74-60AD-4EEE-A78C-F4A35ADE6246}.Android Debug|x86.Build.0 = Android Debug|Any CPU
		{08184F74-60AD-4EEE-A78C-F4A35ADE6246}.Android Release|Any CPU.ActiveCfg = Android Release|Any CPU
		{08184F74-60AD-4EEE-A78C-F4A35ADE6246}.Android Release|Any CPU.Build.0 = Android Release|Any CPU
		{08184F74-60AD-4EEE-A78C-F4A35ADE6246}.Android Release|ARM.ActiveCfg = Android Release|Any CPU
		{08184F74-60AD-4EEE-A78C-F4A35ADE6246}.Android Release|ARM.Build.0 = Android Release|Any CPU
		{08184F74-60AD-4EEE-A78C-F4A35ADE6246}.Android Release|ARM64.ActiveCfg = Android Release|ARM64
		{08184F74-60AD-4EEE-A78C-F4A35ADE6246}.Android Release|ARM64.Build.0 = Android Release|ARM64
		{08184F74-60AD-4EEE-A78C-F4A35ADE6246}.Android Release|x64.ActiveCfg = Android Release|Any CPU
		{08184F74-60AD-4EEE-A78C-F4A35ADE6246}.Android Release|x64.Build.0 = Android Release|Any CPU
		{08184F74-60AD-4EEE-A78C-F4A35ADE6246}.Android Release|x86.ActiveCfg = Android Release|Any CPU
		{08184F74-60AD-4EEE-A78C-F4A35ADE6246}.Android Release|x86.Build.0 = Android Release|Any CPU
		{08184F74-60AD-4EEE-A78C-F4A35ADE6246}.Debug|Any CPU.ActiveCfg = Debug|Any CPU
		{08184F74-60AD-4EEE-A78C-F4A35ADE6246}.Debug|Any CPU.Build.0 = Debug|Any CPU
		{08184F74-60AD-4EEE-A78C-F4A35ADE6246}.Debug|ARM.ActiveCfg = Debug|Any CPU
		{08184F74-60AD-4EEE-A78C-F4A35ADE6246}.Debug|ARM.Build.0 = Debug|Any CPU
		{08184F74-60AD-4EEE-A78C-F4A35ADE6246}.Debug|ARM64.ActiveCfg = Debug|ARM64
		{08184F74-60AD-4EEE-A78C-F4A35ADE6246}.Debug|ARM64.Build.0 = Debug|ARM64
		{08184F74-60AD-4EEE-A78C-F4A35ADE6246}.Debug|x64.ActiveCfg = Debug|Any CPU
		{08184F74-60AD-4EEE-A78C-F4A35ADE6246}.Debug|x64.Build.0 = Debug|Any CPU
		{08184F74-60AD-4EEE-A78C-F4A35ADE6246}.Debug|x86.ActiveCfg = Debug|Any CPU
		{08184F74-60AD-4EEE-A78C-F4A35ADE6246}.Debug|x86.Build.0 = Debug|Any CPU
		{08184F74-60AD-4EEE-A78C-F4A35ADE6246}.Release|Any CPU.ActiveCfg = Release|Any CPU
		{08184F74-60AD-4EEE-A78C-F4A35ADE6246}.Release|Any CPU.Build.0 = Release|Any CPU
		{08184F74-60AD-4EEE-A78C-F4A35ADE6246}.Release|ARM.ActiveCfg = Release|Any CPU
		{08184F74-60AD-4EEE-A78C-F4A35ADE6246}.Release|ARM.Build.0 = Release|Any CPU
		{08184F74-60AD-4EEE-A78C-F4A35ADE6246}.Release|ARM64.ActiveCfg = Release|ARM64
		{08184F74-60AD-4EEE-A78C-F4A35ADE6246}.Release|ARM64.Build.0 = Release|ARM64
		{08184F74-60AD-4EEE-A78C-F4A35ADE6246}.Release|x64.ActiveCfg = Release|Any CPU
		{08184F74-60AD-4EEE-A78C-F4A35ADE6246}.Release|x64.Build.0 = Release|Any CPU
		{08184F74-60AD-4EEE-A78C-F4A35ADE6246}.Release|x86.ActiveCfg = Release|Any CPU
		{08184F74-60AD-4EEE-A78C-F4A35ADE6246}.Release|x86.Build.0 = Release|Any CPU
		{ED8E41FA-DDFA-4A77-932E-9853D279A129}.Android Debug|Any CPU.ActiveCfg = Android Debug|Any CPU
		{ED8E41FA-DDFA-4A77-932E-9853D279A129}.Android Debug|Any CPU.Build.0 = Android Debug|Any CPU
		{ED8E41FA-DDFA-4A77-932E-9853D279A129}.Android Debug|ARM.ActiveCfg = Android Debug|Any CPU
		{ED8E41FA-DDFA-4A77-932E-9853D279A129}.Android Debug|ARM.Build.0 = Android Debug|Any CPU
		{ED8E41FA-DDFA-4A77-932E-9853D279A129}.Android Debug|ARM64.ActiveCfg = Android Debug|ARM64
		{ED8E41FA-DDFA-4A77-932E-9853D279A129}.Android Debug|ARM64.Build.0 = Android Debug|ARM64
		{ED8E41FA-DDFA-4A77-932E-9853D279A129}.Android Debug|x64.ActiveCfg = Android Debug|Any CPU
		{ED8E41FA-DDFA-4A77-932E-9853D279A129}.Android Debug|x64.Build.0 = Android Debug|Any CPU
		{ED8E41FA-DDFA-4A77-932E-9853D279A129}.Android Debug|x86.ActiveCfg = Android Debug|Any CPU
		{ED8E41FA-DDFA-4A77-932E-9853D279A129}.Android Debug|x86.Build.0 = Android Debug|Any CPU
		{ED8E41FA-DDFA-4A77-932E-9853D279A129}.Android Release|Any CPU.ActiveCfg = Android Release|Any CPU
		{ED8E41FA-DDFA-4A77-932E-9853D279A129}.Android Release|Any CPU.Build.0 = Android Release|Any CPU
		{ED8E41FA-DDFA-4A77-932E-9853D279A129}.Android Release|ARM.ActiveCfg = Android Release|Any CPU
		{ED8E41FA-DDFA-4A77-932E-9853D279A129}.Android Release|ARM.Build.0 = Android Release|Any CPU
		{ED8E41FA-DDFA-4A77-932E-9853D279A129}.Android Release|ARM64.ActiveCfg = Android Release|ARM64
		{ED8E41FA-DDFA-4A77-932E-9853D279A129}.Android Release|ARM64.Build.0 = Android Release|ARM64
		{ED8E41FA-DDFA-4A77-932E-9853D279A129}.Android Release|x64.ActiveCfg = Android Release|Any CPU
		{ED8E41FA-DDFA-4A77-932E-9853D279A129}.Android Release|x64.Build.0 = Android Release|Any CPU
		{ED8E41FA-DDFA-4A77-932E-9853D279A129}.Android Release|x86.ActiveCfg = Android Release|Any CPU
		{ED8E41FA-DDFA-4A77-932E-9853D279A129}.Android Release|x86.Build.0 = Android Release|Any CPU
		{ED8E41FA-DDFA-4A77-932E-9853D279A129}.Debug|Any CPU.ActiveCfg = Debug|Any CPU
		{ED8E41FA-DDFA-4A77-932E-9853D279A129}.Debug|Any CPU.Build.0 = Debug|Any CPU
		{ED8E41FA-DDFA-4A77-932E-9853D279A129}.Debug|ARM.ActiveCfg = Debug|Any CPU
		{ED8E41FA-DDFA-4A77-932E-9853D279A129}.Debug|ARM.Build.0 = Debug|Any CPU
		{ED8E41FA-DDFA-4A77-932E-9853D279A129}.Debug|ARM64.ActiveCfg = Debug|ARM64
		{ED8E41FA-DDFA-4A77-932E-9853D279A129}.Debug|ARM64.Build.0 = Debug|ARM64
		{ED8E41FA-DDFA-4A77-932E-9853D279A129}.Debug|x64.ActiveCfg = Debug|Any CPU
		{ED8E41FA-DDFA-4A77-932E-9853D279A129}.Debug|x64.Build.0 = Debug|Any CPU
		{ED8E41FA-DDFA-4A77-932E-9853D279A129}.Debug|x86.ActiveCfg = Debug|Any CPU
		{ED8E41FA-DDFA-4A77-932E-9853D279A129}.Debug|x86.Build.0 = Debug|Any CPU
		{ED8E41FA-DDFA-4A77-932E-9853D279A129}.Release|Any CPU.ActiveCfg = Release|Any CPU
		{ED8E41FA-DDFA-4A77-932E-9853D279A129}.Release|Any CPU.Build.0 = Release|Any CPU
		{ED8E41FA-DDFA-4A77-932E-9853D279A129}.Release|ARM.ActiveCfg = Release|Any CPU
		{ED8E41FA-DDFA-4A77-932E-9853D279A129}.Release|ARM.Build.0 = Release|Any CPU
		{ED8E41FA-DDFA-4A77-932E-9853D279A129}.Release|ARM64.ActiveCfg = Release|ARM64
		{ED8E41FA-DDFA-4A77-932E-9853D279A129}.Release|ARM64.Build.0 = Release|ARM64
		{ED8E41FA-DDFA-4A77-932E-9853D279A129}.Release|x64.ActiveCfg = Release|Any CPU
		{ED8E41FA-DDFA-4A77-932E-9853D279A129}.Release|x64.Build.0 = Release|Any CPU
		{ED8E41FA-DDFA-4A77-932E-9853D279A129}.Release|x86.ActiveCfg = Release|Any CPU
		{ED8E41FA-DDFA-4A77-932E-9853D279A129}.Release|x86.Build.0 = Release|Any CPU
		{D72D15A6-A0A4-40E5-95CE-CC7BD9FA47E1}.Android Debug|Any CPU.ActiveCfg = Debug|Any CPU
		{D72D15A6-A0A4-40E5-95CE-CC7BD9FA47E1}.Android Debug|Any CPU.Build.0 = Debug|Any CPU
		{D72D15A6-A0A4-40E5-95CE-CC7BD9FA47E1}.Android Debug|ARM.ActiveCfg = Debug|Any CPU
		{D72D15A6-A0A4-40E5-95CE-CC7BD9FA47E1}.Android Debug|ARM.Build.0 = Debug|Any CPU
		{D72D15A6-A0A4-40E5-95CE-CC7BD9FA47E1}.Android Debug|ARM64.ActiveCfg = Debug|Any CPU
		{D72D15A6-A0A4-40E5-95CE-CC7BD9FA47E1}.Android Debug|ARM64.Build.0 = Debug|Any CPU
		{D72D15A6-A0A4-40E5-95CE-CC7BD9FA47E1}.Android Debug|x64.ActiveCfg = Debug|Any CPU
		{D72D15A6-A0A4-40E5-95CE-CC7BD9FA47E1}.Android Debug|x64.Build.0 = Debug|Any CPU
		{D72D15A6-A0A4-40E5-95CE-CC7BD9FA47E1}.Android Debug|x86.ActiveCfg = Debug|Any CPU
		{D72D15A6-A0A4-40E5-95CE-CC7BD9FA47E1}.Android Debug|x86.Build.0 = Debug|Any CPU
		{D72D15A6-A0A4-40E5-95CE-CC7BD9FA47E1}.Android Release|Any CPU.ActiveCfg = Release|Any CPU
		{D72D15A6-A0A4-40E5-95CE-CC7BD9FA47E1}.Android Release|Any CPU.Build.0 = Release|Any CPU
		{D72D15A6-A0A4-40E5-95CE-CC7BD9FA47E1}.Android Release|ARM.ActiveCfg = Release|Any CPU
		{D72D15A6-A0A4-40E5-95CE-CC7BD9FA47E1}.Android Release|ARM.Build.0 = Release|Any CPU
		{D72D15A6-A0A4-40E5-95CE-CC7BD9FA47E1}.Android Release|ARM64.ActiveCfg = Release|Any CPU
		{D72D15A6-A0A4-40E5-95CE-CC7BD9FA47E1}.Android Release|ARM64.Build.0 = Release|Any CPU
		{D72D15A6-A0A4-40E5-95CE-CC7BD9FA47E1}.Android Release|x64.ActiveCfg = Release|Any CPU
		{D72D15A6-A0A4-40E5-95CE-CC7BD9FA47E1}.Android Release|x64.Build.0 = Release|Any CPU
		{D72D15A6-A0A4-40E5-95CE-CC7BD9FA47E1}.Android Release|x86.ActiveCfg = Release|Any CPU
		{D72D15A6-A0A4-40E5-95CE-CC7BD9FA47E1}.Android Release|x86.Build.0 = Release|Any CPU
		{D72D15A6-A0A4-40E5-95CE-CC7BD9FA47E1}.Debug|Any CPU.ActiveCfg = Debug|Any CPU
		{D72D15A6-A0A4-40E5-95CE-CC7BD9FA47E1}.Debug|Any CPU.Build.0 = Debug|Any CPU
		{D72D15A6-A0A4-40E5-95CE-CC7BD9FA47E1}.Debug|ARM.ActiveCfg = Debug|Any CPU
		{D72D15A6-A0A4-40E5-95CE-CC7BD9FA47E1}.Debug|ARM.Build.0 = Debug|Any CPU
		{D72D15A6-A0A4-40E5-95CE-CC7BD9FA47E1}.Debug|ARM64.ActiveCfg = Debug|Any CPU
		{D72D15A6-A0A4-40E5-95CE-CC7BD9FA47E1}.Debug|ARM64.Build.0 = Debug|Any CPU
		{D72D15A6-A0A4-40E5-95CE-CC7BD9FA47E1}.Debug|x64.ActiveCfg = Debug|Any CPU
		{D72D15A6-A0A4-40E5-95CE-CC7BD9FA47E1}.Debug|x64.Build.0 = Debug|Any CPU
		{D72D15A6-A0A4-40E5-95CE-CC7BD9FA47E1}.Debug|x86.ActiveCfg = Debug|Any CPU
		{D72D15A6-A0A4-40E5-95CE-CC7BD9FA47E1}.Debug|x86.Build.0 = Debug|Any CPU
		{D72D15A6-A0A4-40E5-95CE-CC7BD9FA47E1}.Release|Any CPU.ActiveCfg = Release|Any CPU
		{D72D15A6-A0A4-40E5-95CE-CC7BD9FA47E1}.Release|Any CPU.Build.0 = Release|Any CPU
		{D72D15A6-A0A4-40E5-95CE-CC7BD9FA47E1}.Release|ARM.ActiveCfg = Release|Any CPU
		{D72D15A6-A0A4-40E5-95CE-CC7BD9FA47E1}.Release|ARM.Build.0 = Release|Any CPU
		{D72D15A6-A0A4-40E5-95CE-CC7BD9FA47E1}.Release|ARM64.ActiveCfg = Release|Any CPU
		{D72D15A6-A0A4-40E5-95CE-CC7BD9FA47E1}.Release|ARM64.Build.0 = Release|Any CPU
		{D72D15A6-A0A4-40E5-95CE-CC7BD9FA47E1}.Release|x64.ActiveCfg = Release|Any CPU
		{D72D15A6-A0A4-40E5-95CE-CC7BD9FA47E1}.Release|x64.Build.0 = Release|Any CPU
		{D72D15A6-A0A4-40E5-95CE-CC7BD9FA47E1}.Release|x86.ActiveCfg = Release|Any CPU
		{D72D15A6-A0A4-40E5-95CE-CC7BD9FA47E1}.Release|x86.Build.0 = Release|Any CPU
	EndGlobalSection
	GlobalSection(SolutionProperties) = preSolution
		HideSolutionNode = FALSE
	EndGlobalSection
	GlobalSection(NestedProjects) = preSolution
		{4B1CEB70-F756-4A57-AAE8-8CD78C475F25} = {86C452BE-D2D8-45B4-B63F-E329EB06CEDA}
		{F4453AB6-D7D6-447F-A973-956CC777968F} = {4B1CEB70-F756-4A57-AAE8-8CD78C475F25}
		{09CF91E5-5BAB-4650-A200-E5EA9A633046} = {86C452BE-D2D8-45B4-B63F-E329EB06CEDA}
		{EB35A917-67B9-4EFA-8DFC-4FB49B3949BB} = {86C452BE-D2D8-45B4-B63F-E329EB06CEDA}
		{5947303D-3512-413A-9009-7AC43F5D3513} = {EB35A917-67B9-4EFA-8DFC-4FB49B3949BB}
		{85208F8D-6FD1-4531-BE05-7142490F59FE} = {82D22ED7-A0A7-4D64-8E92-4B6A5E74ED11}
		{4D661178-38FB-43E4-AA5F-9B0406919344} = {09CF91E5-5BAB-4650-A200-E5EA9A633046}
		{CAA1488E-842B-433D-994D-1D3D0B5DD125} = {09CF91E5-5BAB-4650-A200-E5EA9A633046}
		{3B5BF14D-F612-4C83-9EF6-E3EBFCD08766} = {4D661178-38FB-43E4-AA5F-9B0406919344}
	EndGlobalSection
	GlobalSection(ExtensibilityGlobals) = postSolution
		SolutionGuid = {70143042-A862-47A8-A677-7C819DDC90DC}
	EndGlobalSection
	GlobalSection(SharedMSBuildProjectFiles) = preSolution
		SMAPI.Internal\SMAPI.Internal.projitems*{85208f8d-6fd1-4531-be05-7142490f59fe}*SharedItemsImports = 13
		SMAPI.Internal\SMAPI.Internal.projitems*{e6da2198-7686-4f1d-b312-4a4dc70884c0}*SharedItemsImports = 5
	EndGlobalSection
EndGlobal
